Microsoft Visual Studio Solution File, Format Version 12.00
# Visual Studio Version 16
VisualStudioVersion = 16.0.30225.117
MinimumVisualStudioVersion = 10.0.40219.1
Project("{2150E333-8FDC-42A3-9474-1A3956D46DE8}") = "src", "src", "{F509F25F-91F4-4D6D-BA1B-3376DADFA918}"
EndProject
Project("{2150E333-8FDC-42A3-9474-1A3956D46DE8}") = "Services", "Services", "{879955D3-27F5-4266-B9D7-920340CB562A}"
EndProject
Project("{2150E333-8FDC-42A3-9474-1A3956D46DE8}") = "Customers", "Customers", "{9DD25B05-B3B9-4083-82F9-26878B404D4D}"
EndProject
Project("{9A19103F-16F7-4668-BE54-9A1E7A4F7556}") = "Customer.API", "Services\Customer\Customer.API\Customer.API.csproj", "{ADE1305D-FC52-4C6C-A686-0943CBB7A18F}"
EndProject
Project("{2150E333-8FDC-42A3-9474-1A3956D46DE8}") = "Ordering", "Ordering", "{FBB1244F-C156-4888-9161-1C692F78A367}"
EndProject
Project("{9A19103F-16F7-4668-BE54-9A1E7A4F7556}") = "Ordering.API", "Services\Ordering\Ordering.API\Ordering.API.csproj", "{8A5E4A27-ECC5-4000-AC82-27F386E02585}"
EndProject
Project("{FAE04EC0-301F-11D3-BF4B-00C04F79EFBC}") = "Customer.Data", "Services\Customer\Customer.Data\Customer.Data.csproj", "{BFC8AAA2-2792-4A1F-AD87-DA0494695AD8}"
EndProject
Project("{FAE04EC0-301F-11D3-BF4B-00C04F79EFBC}") = "Customer.Domain", "Services\Customer\Customer.Domain\Customer.Domain.csproj", "{EE9C4435-09AD-409E-8786-FC25ECDDB8E1}"
EndProject
Global
	GlobalSection(SolutionConfigurationPlatforms) = preSolution
		Debug|Any CPU = Debug|Any CPU
		Release|Any CPU = Release|Any CPU
	EndGlobalSection
	GlobalSection(ProjectConfigurationPlatforms) = postSolution
		{ADE1305D-FC52-4C6C-A686-0943CBB7A18F}.Debug|Any CPU.ActiveCfg = Debug|Any CPU
		{ADE1305D-FC52-4C6C-A686-0943CBB7A18F}.Debug|Any CPU.Build.0 = Debug|Any CPU
		{ADE1305D-FC52-4C6C-A686-0943CBB7A18F}.Release|Any CPU.ActiveCfg = Release|Any CPU
		{ADE1305D-FC52-4C6C-A686-0943CBB7A18F}.Release|Any CPU.Build.0 = Release|Any CPU
		{8A5E4A27-ECC5-4000-AC82-27F386E02585}.Debug|Any CPU.ActiveCfg = Debug|Any CPU
		{8A5E4A27-ECC5-4000-AC82-27F386E02585}.Debug|Any CPU.Build.0 = Debug|Any CPU
		{8A5E4A27-ECC5-4000-AC82-27F386E02585}.Release|Any CPU.ActiveCfg = Release|Any CPU
		{8A5E4A27-ECC5-4000-AC82-27F386E02585}.Release|Any CPU.Build.0 = Release|Any CPU
		{BFC8AAA2-2792-4A1F-AD87-DA0494695AD8}.Debug|Any CPU.ActiveCfg = Debug|Any CPU
		{BFC8AAA2-2792-4A1F-AD87-DA0494695AD8}.Debug|Any CPU.Build.0 = Debug|Any CPU
		{BFC8AAA2-2792-4A1F-AD87-DA0494695AD8}.Release|Any CPU.ActiveCfg = Release|Any CPU
		{BFC8AAA2-2792-4A1F-AD87-DA0494695AD8}.Release|Any CPU.Build.0 = Release|Any CPU
		{EE9C4435-09AD-409E-8786-FC25ECDDB8E1}.Debug|Any CPU.ActiveCfg = Debug|Any CPU
		{EE9C4435-09AD-409E-8786-FC25ECDDB8E1}.Debug|Any CPU.Build.0 = Debug|Any CPU
		{EE9C4435-09AD-409E-8786-FC25ECDDB8E1}.Release|Any CPU.ActiveCfg = Release|Any CPU
		{EE9C4435-09AD-409E-8786-FC25ECDDB8E1}.Release|Any CPU.Build.0 = Release|Any CPU
	EndGlobalSection
	GlobalSection(SolutionProperties) = preSolution
		HideSolutionNode = FALSE
	EndGlobalSection
	GlobalSection(NestedProjects) = preSolution
		{879955D3-27F5-4266-B9D7-920340CB562A} = {F509F25F-91F4-4D6D-BA1B-3376DADFA918}
		{9DD25B05-B3B9-4083-82F9-26878B404D4D} = {879955D3-27F5-4266-B9D7-920340CB562A}
		{ADE1305D-FC52-4C6C-A686-0943CBB7A18F} = {9DD25B05-B3B9-4083-82F9-26878B404D4D}
		{FBB1244F-C156-4888-9161-1C692F78A367} = {879955D3-27F5-4266-B9D7-920340CB562A}
		{8A5E4A27-ECC5-4000-AC82-27F386E02585} = {FBB1244F-C156-4888-9161-1C692F78A367}
		{BFC8AAA2-2792-4A1F-AD87-DA0494695AD8} = {9DD25B05-B3B9-4083-82F9-26878B404D4D}
		{EE9C4435-09AD-409E-8786-FC25ECDDB8E1} = {9DD25B05-B3B9-4083-82F9-26878B404D4D}
	EndGlobalSection
	GlobalSection(ExtensibilityGlobals) = postSolution
		SolutionGuid = {AAD982A0-4461-45A1-89ED-816E92E98D0B}
	EndGlobalSection
EndGlobal
