Microsoft Visual Studio Solution File, Format Version 12.00
# Visual Studio Version 16
VisualStudioVersion = 16.0.30225.117
MinimumVisualStudioVersion = 10.0.40219.1
Project("{2150E333-8FDC-42A3-9474-1A3956D46DE8}") = "src", "src", "{F509F25F-91F4-4D6D-BA1B-3376DADFA918}"
EndProject
Project("{2150E333-8FDC-42A3-9474-1A3956D46DE8}") = "Services", "Services", "{879955D3-27F5-4266-B9D7-920340CB562A}"
EndProject
Project("{2150E333-8FDC-42A3-9474-1A3956D46DE8}") = "Customer", "Customer", "{9DD25B05-B3B9-4083-82F9-26878B404D4D}"
EndProject
Project("{2150E333-8FDC-42A3-9474-1A3956D46DE8}") = "Ordering", "Ordering", "{FBB1244F-C156-4888-9161-1C692F78A367}"
EndProject
Project("{FAE04EC0-301F-11D3-BF4B-00C04F79EFBC}") = "Ordering.API", "Services\Ordering\Ordering.API\Ordering.API.csproj", "{42FD0924-FEFB-4527-8E80-0D9956CCD4AF}"
EndProject
Project("{FAE04EC0-301F-11D3-BF4B-00C04F79EFBC}") = "Customer.API", "Services\Customer\Customer.API\Customer.API.csproj", "{1AB41F82-CB2B-4801-AA20-573C98326533}"
EndProject
Project("{FAE04EC0-301F-11D3-BF4B-00C04F79EFBC}") = "Customer.Domain", "Services\Customer\Customer.Domain\Customer.Domain.csproj", "{81EFA997-C56B-4DD0-9EB2-546FDAC89505}"
EndProject
Project("{FAE04EC0-301F-11D3-BF4B-00C04F79EFBC}") = "Customer.Data", "Services\Customer\Customer.Data\Customer.Data.csproj", "{E88C9919-9573-4198-8F7E-53BCAE3D9B1E}"
EndProject
Project("{FAE04EC0-301F-11D3-BF4B-00C04F79EFBC}") = "Customer.Service", "Services\Customer\Customer.Service\Customer.Service.csproj", "{001A1781-9777-4291-B0F5-201A424BC64E}"
EndProject
Global
	GlobalSection(SolutionConfigurationPlatforms) = preSolution
		Debug|Any CPU = Debug|Any CPU
		Release|Any CPU = Release|Any CPU
	EndGlobalSection
	GlobalSection(ProjectConfigurationPlatforms) = postSolution
		{42FD0924-FEFB-4527-8E80-0D9956CCD4AF}.Debug|Any CPU.ActiveCfg = Debug|Any CPU
		{42FD0924-FEFB-4527-8E80-0D9956CCD4AF}.Debug|Any CPU.Build.0 = Debug|Any CPU
		{42FD0924-FEFB-4527-8E80-0D9956CCD4AF}.Release|Any CPU.ActiveCfg = Release|Any CPU
		{42FD0924-FEFB-4527-8E80-0D9956CCD4AF}.Release|Any CPU.Build.0 = Release|Any CPU
		{1AB41F82-CB2B-4801-AA20-573C98326533}.Debug|Any CPU.ActiveCfg = Debug|Any CPU
		{1AB41F82-CB2B-4801-AA20-573C98326533}.Debug|Any CPU.Build.0 = Debug|Any CPU
		{1AB41F82-CB2B-4801-AA20-573C98326533}.Release|Any CPU.ActiveCfg = Release|Any CPU
		{1AB41F82-CB2B-4801-AA20-573C98326533}.Release|Any CPU.Build.0 = Release|Any CPU
		{81EFA997-C56B-4DD0-9EB2-546FDAC89505}.Debug|Any CPU.ActiveCfg = Debug|Any CPU
		{81EFA997-C56B-4DD0-9EB2-546FDAC89505}.Debug|Any CPU.Build.0 = Debug|Any CPU
		{81EFA997-C56B-4DD0-9EB2-546FDAC89505}.Release|Any CPU.ActiveCfg = Release|Any CPU
		{81EFA997-C56B-4DD0-9EB2-546FDAC89505}.Release|Any CPU.Build.0 = Release|Any CPU
		{E88C9919-9573-4198-8F7E-53BCAE3D9B1E}.Debug|Any CPU.ActiveCfg = Debug|Any CPU
		{E88C9919-9573-4198-8F7E-53BCAE3D9B1E}.Debug|Any CPU.Build.0 = Debug|Any CPU
		{E88C9919-9573-4198-8F7E-53BCAE3D9B1E}.Release|Any CPU.ActiveCfg = Release|Any CPU
		{E88C9919-9573-4198-8F7E-53BCAE3D9B1E}.Release|Any CPU.Build.0 = Release|Any CPU
		{001A1781-9777-4291-B0F5-201A424BC64E}.Debug|Any CPU.ActiveCfg = Debug|Any CPU
		{001A1781-9777-4291-B0F5-201A424BC64E}.Debug|Any CPU.Build.0 = Debug|Any CPU
		{001A1781-9777-4291-B0F5-201A424BC64E}.Release|Any CPU.ActiveCfg = Release|Any CPU
		{001A1781-9777-4291-B0F5-201A424BC64E}.Release|Any CPU.Build.0 = Release|Any CPU
	EndGlobalSection
	GlobalSection(SolutionProperties) = preSolution
		HideSolutionNode = FALSE
	EndGlobalSection
	GlobalSection(NestedProjects) = preSolution
		{879955D3-27F5-4266-B9D7-920340CB562A} = {F509F25F-91F4-4D6D-BA1B-3376DADFA918}
		{9DD25B05-B3B9-4083-82F9-26878B404D4D} = {879955D3-27F5-4266-B9D7-920340CB562A}
		{FBB1244F-C156-4888-9161-1C692F78A367} = {879955D3-27F5-4266-B9D7-920340CB562A}
		{42FD0924-FEFB-4527-8E80-0D9956CCD4AF} = {FBB1244F-C156-4888-9161-1C692F78A367}
		{1AB41F82-CB2B-4801-AA20-573C98326533} = {9DD25B05-B3B9-4083-82F9-26878B404D4D}
		{81EFA997-C56B-4DD0-9EB2-546FDAC89505} = {9DD25B05-B3B9-4083-82F9-26878B404D4D}
		{E88C9919-9573-4198-8F7E-53BCAE3D9B1E} = {9DD25B05-B3B9-4083-82F9-26878B404D4D}
		{001A1781-9777-4291-B0F5-201A424BC64E} = {9DD25B05-B3B9-4083-82F9-26878B404D4D}
	EndGlobalSection
	GlobalSection(ExtensibilityGlobals) = postSolution
		SolutionGuid = {AAD982A0-4461-45A1-89ED-816E92E98D0B}
	EndGlobalSection
EndGlobal
